
Microsoft Visual Studio Solution File, Format Version 12.00
# Visual Studio Version 17
VisualStudioVersion = 17.8.34316.72
MinimumVisualStudioVersion = 10.0.40219.1
Project("{2150E333-8FDC-42A3-9474-1A3956D46DE8}") = "Bus", "Bus", "{56A4537A-1E26-416B-9A81-A9F324C79B14}"
EndProject
Project("{2150E333-8FDC-42A3-9474-1A3956D46DE8}") = "Domain", "Domain", "{4C88EBF9-E797-4791-AF0A-80F76C252E4B}"
EndProject
Project("{2150E333-8FDC-42A3-9474-1A3956D46DE8}") = "IoC", "IoC", "{37C4E177-69EB-44F8-9912-B18637090DA5}"
EndProject
Project("{2150E333-8FDC-42A3-9474-1A3956D46DE8}") = "Microservices", "Microservices", "{646B982A-1479-48B5-9656-C56F9F1566DC}"
EndProject
Project("{2150E333-8FDC-42A3-9474-1A3956D46DE8}") = "Presentation", "Presentation", "{39835DBC-6AD5-4432-BA57-EE7BCAA56B9E}"
EndProject
Project("{2150E333-8FDC-42A3-9474-1A3956D46DE8}") = "Sale", "Sale", "{BD39A407-BC31-422D-BB00-E41A177935E2}"
EndProject
Project("{2150E333-8FDC-42A3-9474-1A3956D46DE8}") = "Api", "Api", "{36958037-8091-4B05-8FE2-B00013391762}"
EndProject
Project("{2150E333-8FDC-42A3-9474-1A3956D46DE8}") = "Domain", "Domain", "{77563E8A-4C31-45BF-93C9-1DC10F0260D8}"
EndProject
Project("{9A19103F-16F7-4668-BE54-9A1E7A4F7556}") = "BookSale.Sale.Api", "BookSale.Sale.Api\BookSale.Sale.Api.csproj", "{ED750E68-66B5-4E21-8201-4436ABCCAD61}"
EndProject
Project("{9A19103F-16F7-4668-BE54-9A1E7A4F7556}") = "BookSale.Sale.Domain", "BookSale.Sale.Domain\BookSale.Sale.Domain.csproj", "{A60E9222-F9D4-463B-A357-6CF150A1F082}"
EndProject
Project("{9A19103F-16F7-4668-BE54-9A1E7A4F7556}") = "BookSale.MVC", "BookSale.MVC\BookSale.MVC.csproj", "{6779E5FC-7A4C-4EC8-B150-ECAF9FC85AB5}"
EndProject
Project("{9A19103F-16F7-4668-BE54-9A1E7A4F7556}") = "BookSale.Bus", "BookSale.Bus\BookSale.Bus.csproj", "{EA5920B9-258E-4EAE-A3D7-0E3AEA97C4CB}"
EndProject
Project("{9A19103F-16F7-4668-BE54-9A1E7A4F7556}") = "BookSale.Domain.Core", "BookSale.Domain.Core\BookSale.Domain.Core.csproj", "{0A2F82CD-D4DE-47AD-BD8D-E5B873A6017B}"
EndProject
Project("{9A19103F-16F7-4668-BE54-9A1E7A4F7556}") = "BookSale.IoC", "BookSale.IoC\BookSale.IoC.csproj", "{8CB286B9-D77F-4EDA-8078-6A4E46A02A9B}"
EndProject
Project("{2150E333-8FDC-42A3-9474-1A3956D46DE8}") = "Business", "Business", "{84AC8E33-70A3-47FF-AE06-702FC5D91F86}"
EndProject
Project("{2150E333-8FDC-42A3-9474-1A3956D46DE8}") = "DataAccess", "DataAccess", "{CC6085B7-3667-4EB3-8D99-7CA3244383EF}"
EndProject
Project("{9A19103F-16F7-4668-BE54-9A1E7A4F7556}") = "BookSale.Sale.Business", "BookSale.Sale.Business\BookSale.Sale.Business.csproj", "{76A854E1-3D60-46C7-8C72-3BEE5342DC6A}"
EndProject
Project("{9A19103F-16F7-4668-BE54-9A1E7A4F7556}") = "BookSale.Sale.DataAccess", "BookSale.Sale.DataAccess\BookSale.Sale.DataAccess.csproj", "{3614E5DA-E557-4D7B-92B4-55656329FF44}"
EndProject
Project("{2150E333-8FDC-42A3-9474-1A3956D46DE8}") = "Entities", "Entities", "{C5FF55DE-5118-414F-91F1-FA76E3CB4BC7}"
EndProject
Project("{9A19103F-16F7-4668-BE54-9A1E7A4F7556}") = "BookSale.Sale.Entities", "BookSale.Sale.Entities\BookSale.Sale.Entities.csproj", "{D0DE6C44-058A-4CAF-AAFD-5AA1CAFFCF00}"
EndProject
Project("{2150E333-8FDC-42A3-9474-1A3956D46DE8}") = "ValidationRules", "ValidationRules", "{168638CA-26FA-480F-BBD7-041A6D59A4F8}"
EndProject
Project("{9A19103F-16F7-4668-BE54-9A1E7A4F7556}") = "BookSale.Sale.ValidationRules", "BookSale.Sale.ValidationRules\BookSale.Sale.ValidationRules.csproj", "{CD72E8CC-FF06-4C00-B918-CFD457B94F99}"
EndProject
Project("{2150E333-8FDC-42A3-9474-1A3956D46DE8}") = "Utility", "Utility", "{7BCB4153-791D-4B38-97F8-66CDCE11F814}"
EndProject
Project("{9A19103F-16F7-4668-BE54-9A1E7A4F7556}") = "BookSale.Sale.Utility", "BookSale.Sale.Utilities\BookSale.Sale.Utility.csproj", "{36059A2E-FBA2-4D4E-A8A2-B93615B65114}"
EndProject
Project("{2150E333-8FDC-42A3-9474-1A3956D46DE8}") = "Product", "Product", "{6157A164-CE59-4AAF-90FD-CAFB793232C6}"
EndProject
Project("{2150E333-8FDC-42A3-9474-1A3956D46DE8}") = "Api", "Api", "{F0C82444-6AAB-4200-8425-EA081CCFFF24}"
EndProject
Project("{2150E333-8FDC-42A3-9474-1A3956D46DE8}") = "Business", "Business", "{AEB3055C-1A72-4C7A-A6FC-058E96971436}"
EndProject
Project("{2150E333-8FDC-42A3-9474-1A3956D46DE8}") = "DataAccess", "DataAccess", "{7B26ED5C-8659-4E32-856A-77449E34BF5E}"
EndProject
Project("{2150E333-8FDC-42A3-9474-1A3956D46DE8}") = "Entity", "Entity", "{5D950BC7-5FF8-4B44-8C86-BD9840C360E3}"
EndProject
Project("{9A19103F-16F7-4668-BE54-9A1E7A4F7556}") = "BookSale.Product.Api", "BookSale.Product.Api\BookSale.Product.Api.csproj", "{B8882802-BF08-43D7-848E-2E4FA89B8D2F}"
EndProject
Project("{2150E333-8FDC-42A3-9474-1A3956D46DE8}") = "Authentication", "Authentication", "{2F57A5D3-BA57-4869-9169-2B82493EE87C}"
EndProject
Project("{2150E333-8FDC-42A3-9474-1A3956D46DE8}") = "Api", "Api", "{3B0DBE51-6354-4599-BEB2-A8EC8812E04F}"
EndProject
Project("{2150E333-8FDC-42A3-9474-1A3956D46DE8}") = "Business", "Business", "{7331A4EA-27DC-4ECA-A68A-D0EEAC92AB8B}"
EndProject
Project("{2150E333-8FDC-42A3-9474-1A3956D46DE8}") = "DataAccess", "DataAccess", "{24C78262-0796-4553-94D8-8CAEA223143E}"
EndProject
Project("{2150E333-8FDC-42A3-9474-1A3956D46DE8}") = "Entity", "Entity", "{58D74BEC-7957-464D-B355-BEC0F49C4645}"
EndProject
Project("{9A19103F-16F7-4668-BE54-9A1E7A4F7556}") = "BookSale.Authentication.Api", "BookSale.Authentication.Api\BookSale.Authentication.Api.csproj", "{60F9D569-9608-470E-8E82-4E14DB7B6B43}"
EndProject
Project("{2150E333-8FDC-42A3-9474-1A3956D46DE8}") = "Order", "Order", "{3AC080AE-394F-4958-8EAB-0B2F1AAE75B3}"
EndProject
Project("{2150E333-8FDC-42A3-9474-1A3956D46DE8}") = "Api", "Api", "{6FFA1C02-FA2A-4545-852D-E5C8AE2C3CD2}"
EndProject
Project("{2150E333-8FDC-42A3-9474-1A3956D46DE8}") = "Business", "Business", "{00C59182-0D72-490F-AF91-492D96ED20A2}"
EndProject
Project("{2150E333-8FDC-42A3-9474-1A3956D46DE8}") = "DataAccess", "DataAccess", "{AA05DA17-E97B-4C0D-933A-102E15C864F5}"
EndProject
Project("{2150E333-8FDC-42A3-9474-1A3956D46DE8}") = "Entity", "Entity", "{18AE6702-8068-4AF9-99C4-B0AEEDDEB476}"
EndProject
Project("{9A19103F-16F7-4668-BE54-9A1E7A4F7556}") = "BookSale.Order.Api", "BookSale.Order.Api\BookSale.Order.Api.csproj", "{07BD2701-F4C1-47A7-91B0-9DFA5431460C}"
EndProject
Project("{2150E333-8FDC-42A3-9474-1A3956D46DE8}") = "Utility", "Utility", "{042F552C-AB4F-4F7C-B9C8-5A0FA92C6654}"
EndProject
Project("{FAE04EC0-301F-11D3-BF4B-00C04F79EFBC}") = "Product.Business", "Product.Business\Product.Business.csproj", "{7C9AE882-20E1-4B6D-8BD7-F14C9036D175}"
EndProject
Project("{FAE04EC0-301F-11D3-BF4B-00C04F79EFBC}") = "Product.DataAccess", "Product.DataAccess\Product.DataAccess.csproj", "{9BE13D0B-20AA-4490-A870-A5D900EE2814}"
EndProject
Project("{FAE04EC0-301F-11D3-BF4B-00C04F79EFBC}") = "Product.Entity", "Product.Entity\Product.Entity.csproj", "{329C87CB-E120-4D53-A5DC-FD940598A7BE}"
EndProject
Project("{2150E333-8FDC-42A3-9474-1A3956D46DE8}") = "Abstract", "Abstract", "{C0B245CC-19D0-4E27-A449-833D95C05E99}"
EndProject
Project("{2150E333-8FDC-42A3-9474-1A3956D46DE8}") = "Concrete", "Concrete", "{DF61FB90-E086-4273-A08F-EE7AFBCF6847}"
EndProject
Global
	GlobalSection(SolutionConfigurationPlatforms) = preSolution
		Debug|Any CPU = Debug|Any CPU
		Release|Any CPU = Release|Any CPU
	EndGlobalSection
	GlobalSection(ProjectConfigurationPlatforms) = postSolution
		{ED750E68-66B5-4E21-8201-4436ABCCAD61}.Debug|Any CPU.ActiveCfg = Debug|Any CPU
		{ED750E68-66B5-4E21-8201-4436ABCCAD61}.Debug|Any CPU.Build.0 = Debug|Any CPU
		{ED750E68-66B5-4E21-8201-4436ABCCAD61}.Release|Any CPU.ActiveCfg = Release|Any CPU
		{ED750E68-66B5-4E21-8201-4436ABCCAD61}.Release|Any CPU.Build.0 = Release|Any CPU
		{A60E9222-F9D4-463B-A357-6CF150A1F082}.Debug|Any CPU.ActiveCfg = Debug|Any CPU
		{A60E9222-F9D4-463B-A357-6CF150A1F082}.Debug|Any CPU.Build.0 = Debug|Any CPU
		{A60E9222-F9D4-463B-A357-6CF150A1F082}.Release|Any CPU.ActiveCfg = Release|Any CPU
		{A60E9222-F9D4-463B-A357-6CF150A1F082}.Release|Any CPU.Build.0 = Release|Any CPU
		{6779E5FC-7A4C-4EC8-B150-ECAF9FC85AB5}.Debug|Any CPU.ActiveCfg = Debug|Any CPU
		{6779E5FC-7A4C-4EC8-B150-ECAF9FC85AB5}.Debug|Any CPU.Build.0 = Debug|Any CPU
		{6779E5FC-7A4C-4EC8-B150-ECAF9FC85AB5}.Release|Any CPU.ActiveCfg = Release|Any CPU
		{6779E5FC-7A4C-4EC8-B150-ECAF9FC85AB5}.Release|Any CPU.Build.0 = Release|Any CPU
		{EA5920B9-258E-4EAE-A3D7-0E3AEA97C4CB}.Debug|Any CPU.ActiveCfg = Debug|Any CPU
		{EA5920B9-258E-4EAE-A3D7-0E3AEA97C4CB}.Debug|Any CPU.Build.0 = Debug|Any CPU
		{EA5920B9-258E-4EAE-A3D7-0E3AEA97C4CB}.Release|Any CPU.ActiveCfg = Release|Any CPU
		{EA5920B9-258E-4EAE-A3D7-0E3AEA97C4CB}.Release|Any CPU.Build.0 = Release|Any CPU
		{0A2F82CD-D4DE-47AD-BD8D-E5B873A6017B}.Debug|Any CPU.ActiveCfg = Debug|Any CPU
		{0A2F82CD-D4DE-47AD-BD8D-E5B873A6017B}.Debug|Any CPU.Build.0 = Debug|Any CPU
		{0A2F82CD-D4DE-47AD-BD8D-E5B873A6017B}.Release|Any CPU.ActiveCfg = Release|Any CPU
		{0A2F82CD-D4DE-47AD-BD8D-E5B873A6017B}.Release|Any CPU.Build.0 = Release|Any CPU
		{8CB286B9-D77F-4EDA-8078-6A4E46A02A9B}.Debug|Any CPU.ActiveCfg = Debug|Any CPU
		{8CB286B9-D77F-4EDA-8078-6A4E46A02A9B}.Debug|Any CPU.Build.0 = Debug|Any CPU
		{8CB286B9-D77F-4EDA-8078-6A4E46A02A9B}.Release|Any CPU.ActiveCfg = Release|Any CPU
		{8CB286B9-D77F-4EDA-8078-6A4E46A02A9B}.Release|Any CPU.Build.0 = Release|Any CPU
		{76A854E1-3D60-46C7-8C72-3BEE5342DC6A}.Debug|Any CPU.ActiveCfg = Debug|Any CPU
		{76A854E1-3D60-46C7-8C72-3BEE5342DC6A}.Debug|Any CPU.Build.0 = Debug|Any CPU
		{76A854E1-3D60-46C7-8C72-3BEE5342DC6A}.Release|Any CPU.ActiveCfg = Release|Any CPU
		{76A854E1-3D60-46C7-8C72-3BEE5342DC6A}.Release|Any CPU.Build.0 = Release|Any CPU
		{3614E5DA-E557-4D7B-92B4-55656329FF44}.Debug|Any CPU.ActiveCfg = Debug|Any CPU
		{3614E5DA-E557-4D7B-92B4-55656329FF44}.Debug|Any CPU.Build.0 = Debug|Any CPU
		{3614E5DA-E557-4D7B-92B4-55656329FF44}.Release|Any CPU.ActiveCfg = Release|Any CPU
		{3614E5DA-E557-4D7B-92B4-55656329FF44}.Release|Any CPU.Build.0 = Release|Any CPU
		{D0DE6C44-058A-4CAF-AAFD-5AA1CAFFCF00}.Debug|Any CPU.ActiveCfg = Debug|Any CPU
		{D0DE6C44-058A-4CAF-AAFD-5AA1CAFFCF00}.Debug|Any CPU.Build.0 = Debug|Any CPU
		{D0DE6C44-058A-4CAF-AAFD-5AA1CAFFCF00}.Release|Any CPU.ActiveCfg = Release|Any CPU
		{D0DE6C44-058A-4CAF-AAFD-5AA1CAFFCF00}.Release|Any CPU.Build.0 = Release|Any CPU
		{CD72E8CC-FF06-4C00-B918-CFD457B94F99}.Debug|Any CPU.ActiveCfg = Debug|Any CPU
		{CD72E8CC-FF06-4C00-B918-CFD457B94F99}.Debug|Any CPU.Build.0 = Debug|Any CPU
		{CD72E8CC-FF06-4C00-B918-CFD457B94F99}.Release|Any CPU.ActiveCfg = Release|Any CPU
		{CD72E8CC-FF06-4C00-B918-CFD457B94F99}.Release|Any CPU.Build.0 = Release|Any CPU
		{36059A2E-FBA2-4D4E-A8A2-B93615B65114}.Debug|Any CPU.ActiveCfg = Debug|Any CPU
		{36059A2E-FBA2-4D4E-A8A2-B93615B65114}.Debug|Any CPU.Build.0 = Debug|Any CPU
		{36059A2E-FBA2-4D4E-A8A2-B93615B65114}.Release|Any CPU.ActiveCfg = Release|Any CPU
		{36059A2E-FBA2-4D4E-A8A2-B93615B65114}.Release|Any CPU.Build.0 = Release|Any CPU
		{B8882802-BF08-43D7-848E-2E4FA89B8D2F}.Debug|Any CPU.ActiveCfg = Debug|Any CPU
		{B8882802-BF08-43D7-848E-2E4FA89B8D2F}.Debug|Any CPU.Build.0 = Debug|Any CPU
		{B8882802-BF08-43D7-848E-2E4FA89B8D2F}.Release|Any CPU.ActiveCfg = Release|Any CPU
		{B8882802-BF08-43D7-848E-2E4FA89B8D2F}.Release|Any CPU.Build.0 = Release|Any CPU
		{60F9D569-9608-470E-8E82-4E14DB7B6B43}.Debug|Any CPU.ActiveCfg = Debug|Any CPU
		{60F9D569-9608-470E-8E82-4E14DB7B6B43}.Debug|Any CPU.Build.0 = Debug|Any CPU
		{60F9D569-9608-470E-8E82-4E14DB7B6B43}.Release|Any CPU.ActiveCfg = Release|Any CPU
		{60F9D569-9608-470E-8E82-4E14DB7B6B43}.Release|Any CPU.Build.0 = Release|Any CPU
		{07BD2701-F4C1-47A7-91B0-9DFA5431460C}.Debug|Any CPU.ActiveCfg = Debug|Any CPU
		{07BD2701-F4C1-47A7-91B0-9DFA5431460C}.Debug|Any CPU.Build.0 = Debug|Any CPU
		{07BD2701-F4C1-47A7-91B0-9DFA5431460C}.Release|Any CPU.ActiveCfg = Release|Any CPU
		{07BD2701-F4C1-47A7-91B0-9DFA5431460C}.Release|Any CPU.Build.0 = Release|Any CPU
		{7C9AE882-20E1-4B6D-8BD7-F14C9036D175}.Debug|Any CPU.ActiveCfg = Debug|Any CPU
		{7C9AE882-20E1-4B6D-8BD7-F14C9036D175}.Debug|Any CPU.Build.0 = Debug|Any CPU
		{7C9AE882-20E1-4B6D-8BD7-F14C9036D175}.Release|Any CPU.ActiveCfg = Release|Any CPU
		{7C9AE882-20E1-4B6D-8BD7-F14C9036D175}.Release|Any CPU.Build.0 = Release|Any CPU
		{9BE13D0B-20AA-4490-A870-A5D900EE2814}.Debug|Any CPU.ActiveCfg = Debug|Any CPU
		{9BE13D0B-20AA-4490-A870-A5D900EE2814}.Debug|Any CPU.Build.0 = Debug|Any CPU
		{9BE13D0B-20AA-4490-A870-A5D900EE2814}.Release|Any CPU.ActiveCfg = Release|Any CPU
		{9BE13D0B-20AA-4490-A870-A5D900EE2814}.Release|Any CPU.Build.0 = Release|Any CPU
		{329C87CB-E120-4D53-A5DC-FD940598A7BE}.Debug|Any CPU.ActiveCfg = Debug|Any CPU
		{329C87CB-E120-4D53-A5DC-FD940598A7BE}.Debug|Any CPU.Build.0 = Debug|Any CPU
		{329C87CB-E120-4D53-A5DC-FD940598A7BE}.Release|Any CPU.ActiveCfg = Release|Any CPU
		{329C87CB-E120-4D53-A5DC-FD940598A7BE}.Release|Any CPU.Build.0 = Release|Any CPU
	EndGlobalSection
	GlobalSection(SolutionProperties) = preSolution
		HideSolutionNode = FALSE
	EndGlobalSection
	GlobalSection(NestedProjects) = preSolution
		{BD39A407-BC31-422D-BB00-E41A177935E2} = {646B982A-1479-48B5-9656-C56F9F1566DC}
		{36958037-8091-4B05-8FE2-B00013391762} = {BD39A407-BC31-422D-BB00-E41A177935E2}
		{77563E8A-4C31-45BF-93C9-1DC10F0260D8} = {BD39A407-BC31-422D-BB00-E41A177935E2}
		{ED750E68-66B5-4E21-8201-4436ABCCAD61} = {36958037-8091-4B05-8FE2-B00013391762}
		{A60E9222-F9D4-463B-A357-6CF150A1F082} = {77563E8A-4C31-45BF-93C9-1DC10F0260D8}
		{6779E5FC-7A4C-4EC8-B150-ECAF9FC85AB5} = {39835DBC-6AD5-4432-BA57-EE7BCAA56B9E}
		{EA5920B9-258E-4EAE-A3D7-0E3AEA97C4CB} = {56A4537A-1E26-416B-9A81-A9F324C79B14}
		{0A2F82CD-D4DE-47AD-BD8D-E5B873A6017B} = {4C88EBF9-E797-4791-AF0A-80F76C252E4B}
		{8CB286B9-D77F-4EDA-8078-6A4E46A02A9B} = {37C4E177-69EB-44F8-9912-B18637090DA5}
		{84AC8E33-70A3-47FF-AE06-702FC5D91F86} = {BD39A407-BC31-422D-BB00-E41A177935E2}
		{CC6085B7-3667-4EB3-8D99-7CA3244383EF} = {BD39A407-BC31-422D-BB00-E41A177935E2}
		{76A854E1-3D60-46C7-8C72-3BEE5342DC6A} = {84AC8E33-70A3-47FF-AE06-702FC5D91F86}
		{3614E5DA-E557-4D7B-92B4-55656329FF44} = {CC6085B7-3667-4EB3-8D99-7CA3244383EF}
		{C5FF55DE-5118-414F-91F1-FA76E3CB4BC7} = {BD39A407-BC31-422D-BB00-E41A177935E2}
		{D0DE6C44-058A-4CAF-AAFD-5AA1CAFFCF00} = {C5FF55DE-5118-414F-91F1-FA76E3CB4BC7}
		{168638CA-26FA-480F-BBD7-041A6D59A4F8} = {BD39A407-BC31-422D-BB00-E41A177935E2}
		{CD72E8CC-FF06-4C00-B918-CFD457B94F99} = {168638CA-26FA-480F-BBD7-041A6D59A4F8}
		{7BCB4153-791D-4B38-97F8-66CDCE11F814} = {BD39A407-BC31-422D-BB00-E41A177935E2}
		{36059A2E-FBA2-4D4E-A8A2-B93615B65114} = {7BCB4153-791D-4B38-97F8-66CDCE11F814}
		{6157A164-CE59-4AAF-90FD-CAFB793232C6} = {646B982A-1479-48B5-9656-C56F9F1566DC}
		{F0C82444-6AAB-4200-8425-EA081CCFFF24} = {6157A164-CE59-4AAF-90FD-CAFB793232C6}
		{AEB3055C-1A72-4C7A-A6FC-058E96971436} = {6157A164-CE59-4AAF-90FD-CAFB793232C6}
		{7B26ED5C-8659-4E32-856A-77449E34BF5E} = {6157A164-CE59-4AAF-90FD-CAFB793232C6}
		{5D950BC7-5FF8-4B44-8C86-BD9840C360E3} = {6157A164-CE59-4AAF-90FD-CAFB793232C6}
		{B8882802-BF08-43D7-848E-2E4FA89B8D2F} = {F0C82444-6AAB-4200-8425-EA081CCFFF24}
		{2F57A5D3-BA57-4869-9169-2B82493EE87C} = {646B982A-1479-48B5-9656-C56F9F1566DC}
		{3B0DBE51-6354-4599-BEB2-A8EC8812E04F} = {2F57A5D3-BA57-4869-9169-2B82493EE87C}
		{7331A4EA-27DC-4ECA-A68A-D0EEAC92AB8B} = {2F57A5D3-BA57-4869-9169-2B82493EE87C}
		{24C78262-0796-4553-94D8-8CAEA223143E} = {2F57A5D3-BA57-4869-9169-2B82493EE87C}
		{58D74BEC-7957-464D-B355-BEC0F49C4645} = {2F57A5D3-BA57-4869-9169-2B82493EE87C}
		{60F9D569-9608-470E-8E82-4E14DB7B6B43} = {3B0DBE51-6354-4599-BEB2-A8EC8812E04F}
		{3AC080AE-394F-4958-8EAB-0B2F1AAE75B3} = {646B982A-1479-48B5-9656-C56F9F1566DC}
		{6FFA1C02-FA2A-4545-852D-E5C8AE2C3CD2} = {3AC080AE-394F-4958-8EAB-0B2F1AAE75B3}
		{00C59182-0D72-490F-AF91-492D96ED20A2} = {3AC080AE-394F-4958-8EAB-0B2F1AAE75B3}
		{AA05DA17-E97B-4C0D-933A-102E15C864F5} = {3AC080AE-394F-4958-8EAB-0B2F1AAE75B3}
		{18AE6702-8068-4AF9-99C4-B0AEEDDEB476} = {3AC080AE-394F-4958-8EAB-0B2F1AAE75B3}
		{07BD2701-F4C1-47A7-91B0-9DFA5431460C} = {6FFA1C02-FA2A-4545-852D-E5C8AE2C3CD2}
		{042F552C-AB4F-4F7C-B9C8-5A0FA92C6654} = {2F57A5D3-BA57-4869-9169-2B82493EE87C}
		{7C9AE882-20E1-4B6D-8BD7-F14C9036D175} = {AEB3055C-1A72-4C7A-A6FC-058E96971436}
		{9BE13D0B-20AA-4490-A870-A5D900EE2814} = {7B26ED5C-8659-4E32-856A-77449E34BF5E}
		{329C87CB-E120-4D53-A5DC-FD940598A7BE} = {5D950BC7-5FF8-4B44-8C86-BD9840C360E3}
		{C0B245CC-19D0-4E27-A449-833D95C05E99} = {AEB3055C-1A72-4C7A-A6FC-058E96971436}
		{DF61FB90-E086-4273-A08F-EE7AFBCF6847} = {AEB3055C-1A72-4C7A-A6FC-058E96971436}
	EndGlobalSection
	GlobalSection(ExtensibilityGlobals) = postSolution
		SolutionGuid = {44FAA3C9-9C35-4D41-A766-49CE54CD5AB3}
	EndGlobalSection
EndGlobal
