
Microsoft Visual Studio Solution File, Format Version 12.00
# Visual Studio Version 17
VisualStudioVersion = 17.8.34316.72
MinimumVisualStudioVersion = 10.0.40219.1
Project("{2150E333-8FDC-42A3-9474-1A3956D46DE8}") = "Bus", "Bus", "{56A4537A-1E26-416B-9A81-A9F324C79B14}"
EndProject
Project("{2150E333-8FDC-42A3-9474-1A3956D46DE8}") = "Domain", "Domain", "{4C88EBF9-E797-4791-AF0A-80F76C252E4B}"
EndProject
Project("{2150E333-8FDC-42A3-9474-1A3956D46DE8}") = "IoC", "IoC", "{37C4E177-69EB-44F8-9912-B18637090DA5}"
EndProject
Project("{2150E333-8FDC-42A3-9474-1A3956D46DE8}") = "Microservices", "Microservices", "{646B982A-1479-48B5-9656-C56F9F1566DC}"
EndProject
Project("{2150E333-8FDC-42A3-9474-1A3956D46DE8}") = "Presentation", "Presentation", "{39835DBC-6AD5-4432-BA57-EE7BCAA56B9E}"
EndProject
Project("{2150E333-8FDC-42A3-9474-1A3956D46DE8}") = "Sale", "Sale", "{BD39A407-BC31-422D-BB00-E41A177935E2}"
EndProject
Project("{2150E333-8FDC-42A3-9474-1A3956D46DE8}") = "Api", "Api", "{36958037-8091-4B05-8FE2-B00013391762}"
EndProject
Project("{2150E333-8FDC-42A3-9474-1A3956D46DE8}") = "Domain", "Domain", "{77563E8A-4C31-45BF-93C9-1DC10F0260D8}"
EndProject
Project("{9A19103F-16F7-4668-BE54-9A1E7A4F7556}") = "BookSale.Sale.Api", "BookSale.Sale.Api\BookSale.Sale.Api.csproj", "{ED750E68-66B5-4E21-8201-4436ABCCAD61}"
EndProject
Project("{9A19103F-16F7-4668-BE54-9A1E7A4F7556}") = "BookSale.Sale.Domain", "BookSale.Sale.Domain\BookSale.Sale.Domain.csproj", "{A60E9222-F9D4-463B-A357-6CF150A1F082}"
EndProject
Project("{9A19103F-16F7-4668-BE54-9A1E7A4F7556}") = "BookSale.MVC", "BookSale.MVC\BookSale.MVC.csproj", "{6779E5FC-7A4C-4EC8-B150-ECAF9FC85AB5}"
EndProject
Project("{9A19103F-16F7-4668-BE54-9A1E7A4F7556}") = "BookSale.IoC", "BookSale.IoC\BookSale.IoC.csproj", "{8CB286B9-D77F-4EDA-8078-6A4E46A02A9B}"
EndProject
Project("{2150E333-8FDC-42A3-9474-1A3956D46DE8}") = "Business", "Business", "{84AC8E33-70A3-47FF-AE06-702FC5D91F86}"
EndProject
Project("{2150E333-8FDC-42A3-9474-1A3956D46DE8}") = "DataAccess", "DataAccess", "{CC6085B7-3667-4EB3-8D99-7CA3244383EF}"
EndProject
Project("{9A19103F-16F7-4668-BE54-9A1E7A4F7556}") = "BookSale.Sale.Business", "BookSale.Sale.Business\BookSale.Sale.Business.csproj", "{76A854E1-3D60-46C7-8C72-3BEE5342DC6A}"
EndProject
Project("{9A19103F-16F7-4668-BE54-9A1E7A4F7556}") = "BookSale.Sale.DataAccess", "BookSale.Sale.DataAccess\BookSale.Sale.DataAccess.csproj", "{3614E5DA-E557-4D7B-92B4-55656329FF44}"
EndProject
Project("{2150E333-8FDC-42A3-9474-1A3956D46DE8}") = "Entities", "Entities", "{C5FF55DE-5118-414F-91F1-FA76E3CB4BC7}"
EndProject
Project("{9A19103F-16F7-4668-BE54-9A1E7A4F7556}") = "BookSale.Sale.Entities", "BookSale.Sale.Entities\BookSale.Sale.Entities.csproj", "{D0DE6C44-058A-4CAF-AAFD-5AA1CAFFCF00}"
EndProject
Project("{2150E333-8FDC-42A3-9474-1A3956D46DE8}") = "ValidationRules", "ValidationRules", "{168638CA-26FA-480F-BBD7-041A6D59A4F8}"
EndProject
Project("{9A19103F-16F7-4668-BE54-9A1E7A4F7556}") = "BookSale.Sale.ValidationRules", "BookSale.Sale.ValidationRules\BookSale.Sale.ValidationRules.csproj", "{CD72E8CC-FF06-4C00-B918-CFD457B94F99}"
EndProject
Project("{2150E333-8FDC-42A3-9474-1A3956D46DE8}") = "Utility", "Utility", "{7BCB4153-791D-4B38-97F8-66CDCE11F814}"
EndProject
Project("{9A19103F-16F7-4668-BE54-9A1E7A4F7556}") = "BookSale.Sale.Utility", "BookSale.Sale.Utilities\BookSale.Sale.Utility.csproj", "{36059A2E-FBA2-4D4E-A8A2-B93615B65114}"
EndProject
Project("{2150E333-8FDC-42A3-9474-1A3956D46DE8}") = "Product", "Product", "{6157A164-CE59-4AAF-90FD-CAFB793232C6}"
EndProject
Project("{2150E333-8FDC-42A3-9474-1A3956D46DE8}") = "Api", "Api", "{F0C82444-6AAB-4200-8425-EA081CCFFF24}"
EndProject
Project("{2150E333-8FDC-42A3-9474-1A3956D46DE8}") = "Business", "Business", "{AEB3055C-1A72-4C7A-A6FC-058E96971436}"
EndProject
Project("{2150E333-8FDC-42A3-9474-1A3956D46DE8}") = "DataAccess", "DataAccess", "{7B26ED5C-8659-4E32-856A-77449E34BF5E}"
EndProject
Project("{2150E333-8FDC-42A3-9474-1A3956D46DE8}") = "Entity", "Entity", "{5D950BC7-5FF8-4B44-8C86-BD9840C360E3}"
EndProject
Project("{2150E333-8FDC-42A3-9474-1A3956D46DE8}") = "Authentication", "Authentication", "{2F57A5D3-BA57-4869-9169-2B82493EE87C}"
EndProject
Project("{2150E333-8FDC-42A3-9474-1A3956D46DE8}") = "Api", "Api", "{3B0DBE51-6354-4599-BEB2-A8EC8812E04F}"
EndProject
Project("{2150E333-8FDC-42A3-9474-1A3956D46DE8}") = "DataAccess", "DataAccess", "{24C78262-0796-4553-94D8-8CAEA223143E}"
EndProject
Project("{2150E333-8FDC-42A3-9474-1A3956D46DE8}") = "Entity", "Entity", "{58D74BEC-7957-464D-B355-BEC0F49C4645}"
EndProject
Project("{2150E333-8FDC-42A3-9474-1A3956D46DE8}") = "Order", "Order", "{3AC080AE-394F-4958-8EAB-0B2F1AAE75B3}"
EndProject
Project("{2150E333-8FDC-42A3-9474-1A3956D46DE8}") = "Api", "Api", "{6FFA1C02-FA2A-4545-852D-E5C8AE2C3CD2}"
EndProject
Project("{2150E333-8FDC-42A3-9474-1A3956D46DE8}") = "Utility", "Utility", "{042F552C-AB4F-4F7C-B9C8-5A0FA92C6654}"
EndProject
Project("{9A19103F-16F7-4668-BE54-9A1E7A4F7556}") = "Product.Business", "Product.Business\Product.Business.csproj", "{7C9AE882-20E1-4B6D-8BD7-F14C9036D175}"
EndProject
Project("{9A19103F-16F7-4668-BE54-9A1E7A4F7556}") = "Product.DataAccess", "Product.DataAccess\Product.DataAccess.csproj", "{9BE13D0B-20AA-4490-A870-A5D900EE2814}"
EndProject
Project("{9A19103F-16F7-4668-BE54-9A1E7A4F7556}") = "Product.Entity", "Product.Entity\Product.Entity.csproj", "{329C87CB-E120-4D53-A5DC-FD940598A7BE}"
EndProject
Project("{9A19103F-16F7-4668-BE54-9A1E7A4F7556}") = "Product.Api", "Product.Api\Product.Api.csproj", "{C6A88685-B873-49A0-B7F8-1E60DDB1E735}"
EndProject
Project("{2150E333-8FDC-42A3-9474-1A3956D46DE8}") = "Repository", "Repository", "{073BABA7-8436-4C1B-B5DE-9475F869E147}"
EndProject
Project("{9A19103F-16F7-4668-BE54-9A1E7A4F7556}") = "EFRepository", "EFRepository\EFRepository.csproj", "{C76609A3-071A-409A-B872-4E21C25AE33F}"
EndProject
Project("{2150E333-8FDC-42A3-9474-1A3956D46DE8}") = "Business", "Business", "{7E1F2ECE-B57A-4ADB-AB3C-9CB4CE52326F}"
EndProject
Project("{2150E333-8FDC-42A3-9474-1A3956D46DE8}") = "DataAccess", "DataAccess", "{03F08C30-04DE-4C2E-8EC7-0CA20920279B}"
EndProject
Project("{2150E333-8FDC-42A3-9474-1A3956D46DE8}") = "Entity", "Entity", "{DEA0AC6F-E486-4B1D-AAFC-270327FABAD3}"
EndProject
Project("{9A19103F-16F7-4668-BE54-9A1E7A4F7556}") = "OrderEntity", "OrderEntity\OrderEntity.csproj", "{E15E6214-E191-4043-88B9-FE15B888A8DA}"
EndProject
Project("{9A19103F-16F7-4668-BE54-9A1E7A4F7556}") = "OrderDataAccess", "OrderDataAccess\OrderDataAccess.csproj", "{367E36E5-6F30-4926-A5AD-B2142140A57D}"
EndProject
Project("{9A19103F-16F7-4668-BE54-9A1E7A4F7556}") = "OrderBusiness", "OrderBusiness\OrderBusiness.csproj", "{5D7F81E4-DFDB-46AD-9A02-8EB089059D13}"
EndProject
Project("{9A19103F-16F7-4668-BE54-9A1E7A4F7556}") = "OrderApi", "OrderApi\OrderApi.csproj", "{CDC8D4A5-E4E0-470B-B99D-B1E456EDA72F}"
EndProject
Project("{9A19103F-16F7-4668-BE54-9A1E7A4F7556}") = "AuthenticationEntity", "AuthenticationEntity\AuthenticationEntity.csproj", "{0D3E1A37-A5B5-4EAD-9758-9EAB0467F1AA}"
EndProject
Project("{9A19103F-16F7-4668-BE54-9A1E7A4F7556}") = "AuthenticationDataAccess", "AuthenticationDataAccess\AuthenticationDataAccess.csproj", "{C577D2FA-E610-4088-A7B0-2D35F94EB93A}"
EndProject
Project("{9A19103F-16F7-4668-BE54-9A1E7A4F7556}") = "AuthenticationApi", "AuthenticationApi\AuthenticationApi.csproj", "{E7EA53E1-2A0C-4C36-AC8A-B9EA51FAB1AE}"
EndProject
Project("{2150E333-8FDC-42A3-9474-1A3956D46DE8}") = "Business", "Business", "{7102407E-FDA9-4F9F-8B52-8350F80EE646}"
EndProject
Project("{9A19103F-16F7-4668-BE54-9A1E7A4F7556}") = "AuthenticationBusiness", "AuthenticationBusiness\AuthenticationBusiness.csproj", "{CC135D90-D594-41A6-B786-D19204AE2E48}"
EndProject
Project("{9A19103F-16F7-4668-BE54-9A1E7A4F7556}") = "AuthenticationUtility", "AuthenticationUtility\AuthenticationUtility.csproj", "{53BA08B4-1B31-4081-8F58-2520E5C8F4CF}"
EndProject
Project("{9A19103F-16F7-4668-BE54-9A1E7A4F7556}") = "BookSaleDomainCore", "BookSaleDomainCore\BookSaleDomainCore.csproj", "{D3994AE9-5451-44D0-842A-2DF4B891DF8A}"
EndProject
Project("{9A19103F-16F7-4668-BE54-9A1E7A4F7556}") = "BookSaleBus", "BookSaleBus\BookSaleBus.csproj", "{12EC8E48-C567-4546-BEC7-B609A7315C64}"
EndProject
Project("{2150E333-8FDC-42A3-9474-1A3956D46DE8}") = "Email", "Email", "{1F7FBEE9-ECE6-4038-91F5-988BE1740B0E}"
EndProject
Project("{2150E333-8FDC-42A3-9474-1A3956D46DE8}") = "Api", "Api", "{DC1CA587-B052-4176-A2D3-EB03EC5D830B}"
EndProject
Project("{2150E333-8FDC-42A3-9474-1A3956D46DE8}") = "Domain", "Domain", "{5BA48674-4DC1-4DB7-921F-3739C0186D13}"
EndProject
Project("{9A19103F-16F7-4668-BE54-9A1E7A4F7556}") = "EmailDomain", "EmailDomain\EmailDomain.csproj", "{5C0F4BD1-C287-452C-ABB0-4E10BF273B1C}"
EndProject
Project("{2150E333-8FDC-42A3-9474-1A3956D46DE8}") = "Domain", "Domain", "{50A61576-1B62-4F4C-8C08-2E625854FD8E}"
EndProject
Project("{9A19103F-16F7-4668-BE54-9A1E7A4F7556}") = "AuthenticationDomain", "AuthenticationDomain\AuthenticationDomain.csproj", "{77239CA5-34B5-4A03-8AEA-752F1FB4C5BB}"
EndProject
Project("{FAE04EC0-301F-11D3-BF4B-00C04F79EFBC}") = "EmailApi", "EmailApi\EmailApi.csproj", "{3F181E30-E1C4-4743-9AD6-570B2028CE06}"
EndProject
Global
	GlobalSection(SolutionConfigurationPlatforms) = preSolution
		Debug|Any CPU = Debug|Any CPU
		Release|Any CPU = Release|Any CPU
	EndGlobalSection
	GlobalSection(ProjectConfigurationPlatforms) = postSolution
		{ED750E68-66B5-4E21-8201-4436ABCCAD61}.Debug|Any CPU.ActiveCfg = Debug|Any CPU
		{ED750E68-66B5-4E21-8201-4436ABCCAD61}.Debug|Any CPU.Build.0 = Debug|Any CPU
		{ED750E68-66B5-4E21-8201-4436ABCCAD61}.Release|Any CPU.ActiveCfg = Release|Any CPU
		{ED750E68-66B5-4E21-8201-4436ABCCAD61}.Release|Any CPU.Build.0 = Release|Any CPU
		{A60E9222-F9D4-463B-A357-6CF150A1F082}.Debug|Any CPU.ActiveCfg = Debug|Any CPU
		{A60E9222-F9D4-463B-A357-6CF150A1F082}.Debug|Any CPU.Build.0 = Debug|Any CPU
		{A60E9222-F9D4-463B-A357-6CF150A1F082}.Release|Any CPU.ActiveCfg = Release|Any CPU
		{A60E9222-F9D4-463B-A357-6CF150A1F082}.Release|Any CPU.Build.0 = Release|Any CPU
		{6779E5FC-7A4C-4EC8-B150-ECAF9FC85AB5}.Debug|Any CPU.ActiveCfg = Debug|Any CPU
		{6779E5FC-7A4C-4EC8-B150-ECAF9FC85AB5}.Debug|Any CPU.Build.0 = Debug|Any CPU
		{6779E5FC-7A4C-4EC8-B150-ECAF9FC85AB5}.Release|Any CPU.ActiveCfg = Release|Any CPU
		{6779E5FC-7A4C-4EC8-B150-ECAF9FC85AB5}.Release|Any CPU.Build.0 = Release|Any CPU
		{8CB286B9-D77F-4EDA-8078-6A4E46A02A9B}.Debug|Any CPU.ActiveCfg = Debug|Any CPU
		{8CB286B9-D77F-4EDA-8078-6A4E46A02A9B}.Debug|Any CPU.Build.0 = Debug|Any CPU
		{8CB286B9-D77F-4EDA-8078-6A4E46A02A9B}.Release|Any CPU.ActiveCfg = Release|Any CPU
		{8CB286B9-D77F-4EDA-8078-6A4E46A02A9B}.Release|Any CPU.Build.0 = Release|Any CPU
		{76A854E1-3D60-46C7-8C72-3BEE5342DC6A}.Debug|Any CPU.ActiveCfg = Debug|Any CPU
		{76A854E1-3D60-46C7-8C72-3BEE5342DC6A}.Debug|Any CPU.Build.0 = Debug|Any CPU
		{76A854E1-3D60-46C7-8C72-3BEE5342DC6A}.Release|Any CPU.ActiveCfg = Release|Any CPU
		{76A854E1-3D60-46C7-8C72-3BEE5342DC6A}.Release|Any CPU.Build.0 = Release|Any CPU
		{3614E5DA-E557-4D7B-92B4-55656329FF44}.Debug|Any CPU.ActiveCfg = Debug|Any CPU
		{3614E5DA-E557-4D7B-92B4-55656329FF44}.Debug|Any CPU.Build.0 = Debug|Any CPU
		{3614E5DA-E557-4D7B-92B4-55656329FF44}.Release|Any CPU.ActiveCfg = Release|Any CPU
		{3614E5DA-E557-4D7B-92B4-55656329FF44}.Release|Any CPU.Build.0 = Release|Any CPU
		{D0DE6C44-058A-4CAF-AAFD-5AA1CAFFCF00}.Debug|Any CPU.ActiveCfg = Debug|Any CPU
		{D0DE6C44-058A-4CAF-AAFD-5AA1CAFFCF00}.Debug|Any CPU.Build.0 = Debug|Any CPU
		{D0DE6C44-058A-4CAF-AAFD-5AA1CAFFCF00}.Release|Any CPU.ActiveCfg = Release|Any CPU
		{D0DE6C44-058A-4CAF-AAFD-5AA1CAFFCF00}.Release|Any CPU.Build.0 = Release|Any CPU
		{CD72E8CC-FF06-4C00-B918-CFD457B94F99}.Debug|Any CPU.ActiveCfg = Debug|Any CPU
		{CD72E8CC-FF06-4C00-B918-CFD457B94F99}.Debug|Any CPU.Build.0 = Debug|Any CPU
		{CD72E8CC-FF06-4C00-B918-CFD457B94F99}.Release|Any CPU.ActiveCfg = Release|Any CPU
		{CD72E8CC-FF06-4C00-B918-CFD457B94F99}.Release|Any CPU.Build.0 = Release|Any CPU
		{36059A2E-FBA2-4D4E-A8A2-B93615B65114}.Debug|Any CPU.ActiveCfg = Debug|Any CPU
		{36059A2E-FBA2-4D4E-A8A2-B93615B65114}.Debug|Any CPU.Build.0 = Debug|Any CPU
		{36059A2E-FBA2-4D4E-A8A2-B93615B65114}.Release|Any CPU.ActiveCfg = Release|Any CPU
		{36059A2E-FBA2-4D4E-A8A2-B93615B65114}.Release|Any CPU.Build.0 = Release|Any CPU
		{7C9AE882-20E1-4B6D-8BD7-F14C9036D175}.Debug|Any CPU.ActiveCfg = Debug|Any CPU
		{7C9AE882-20E1-4B6D-8BD7-F14C9036D175}.Debug|Any CPU.Build.0 = Debug|Any CPU
		{7C9AE882-20E1-4B6D-8BD7-F14C9036D175}.Release|Any CPU.ActiveCfg = Release|Any CPU
		{7C9AE882-20E1-4B6D-8BD7-F14C9036D175}.Release|Any CPU.Build.0 = Release|Any CPU
		{9BE13D0B-20AA-4490-A870-A5D900EE2814}.Debug|Any CPU.ActiveCfg = Debug|Any CPU
		{9BE13D0B-20AA-4490-A870-A5D900EE2814}.Debug|Any CPU.Build.0 = Debug|Any CPU
		{9BE13D0B-20AA-4490-A870-A5D900EE2814}.Release|Any CPU.ActiveCfg = Release|Any CPU
		{9BE13D0B-20AA-4490-A870-A5D900EE2814}.Release|Any CPU.Build.0 = Release|Any CPU
		{329C87CB-E120-4D53-A5DC-FD940598A7BE}.Debug|Any CPU.ActiveCfg = Debug|Any CPU
		{329C87CB-E120-4D53-A5DC-FD940598A7BE}.Debug|Any CPU.Build.0 = Debug|Any CPU
		{329C87CB-E120-4D53-A5DC-FD940598A7BE}.Release|Any CPU.ActiveCfg = Release|Any CPU
		{329C87CB-E120-4D53-A5DC-FD940598A7BE}.Release|Any CPU.Build.0 = Release|Any CPU
		{C6A88685-B873-49A0-B7F8-1E60DDB1E735}.Debug|Any CPU.ActiveCfg = Debug|Any CPU
		{C6A88685-B873-49A0-B7F8-1E60DDB1E735}.Debug|Any CPU.Build.0 = Debug|Any CPU
		{C6A88685-B873-49A0-B7F8-1E60DDB1E735}.Release|Any CPU.ActiveCfg = Release|Any CPU
		{C6A88685-B873-49A0-B7F8-1E60DDB1E735}.Release|Any CPU.Build.0 = Release|Any CPU
		{C76609A3-071A-409A-B872-4E21C25AE33F}.Debug|Any CPU.ActiveCfg = Debug|Any CPU
		{C76609A3-071A-409A-B872-4E21C25AE33F}.Debug|Any CPU.Build.0 = Debug|Any CPU
		{C76609A3-071A-409A-B872-4E21C25AE33F}.Release|Any CPU.ActiveCfg = Release|Any CPU
		{C76609A3-071A-409A-B872-4E21C25AE33F}.Release|Any CPU.Build.0 = Release|Any CPU
		{E15E6214-E191-4043-88B9-FE15B888A8DA}.Debug|Any CPU.ActiveCfg = Debug|Any CPU
		{E15E6214-E191-4043-88B9-FE15B888A8DA}.Debug|Any CPU.Build.0 = Debug|Any CPU
		{E15E6214-E191-4043-88B9-FE15B888A8DA}.Release|Any CPU.ActiveCfg = Release|Any CPU
		{E15E6214-E191-4043-88B9-FE15B888A8DA}.Release|Any CPU.Build.0 = Release|Any CPU
		{367E36E5-6F30-4926-A5AD-B2142140A57D}.Debug|Any CPU.ActiveCfg = Debug|Any CPU
		{367E36E5-6F30-4926-A5AD-B2142140A57D}.Debug|Any CPU.Build.0 = Debug|Any CPU
		{367E36E5-6F30-4926-A5AD-B2142140A57D}.Release|Any CPU.ActiveCfg = Release|Any CPU
		{367E36E5-6F30-4926-A5AD-B2142140A57D}.Release|Any CPU.Build.0 = Release|Any CPU
		{5D7F81E4-DFDB-46AD-9A02-8EB089059D13}.Debug|Any CPU.ActiveCfg = Debug|Any CPU
		{5D7F81E4-DFDB-46AD-9A02-8EB089059D13}.Debug|Any CPU.Build.0 = Debug|Any CPU
		{5D7F81E4-DFDB-46AD-9A02-8EB089059D13}.Release|Any CPU.ActiveCfg = Release|Any CPU
		{5D7F81E4-DFDB-46AD-9A02-8EB089059D13}.Release|Any CPU.Build.0 = Release|Any CPU
		{CDC8D4A5-E4E0-470B-B99D-B1E456EDA72F}.Debug|Any CPU.ActiveCfg = Debug|Any CPU
		{CDC8D4A5-E4E0-470B-B99D-B1E456EDA72F}.Debug|Any CPU.Build.0 = Debug|Any CPU
		{CDC8D4A5-E4E0-470B-B99D-B1E456EDA72F}.Release|Any CPU.ActiveCfg = Release|Any CPU
		{CDC8D4A5-E4E0-470B-B99D-B1E456EDA72F}.Release|Any CPU.Build.0 = Release|Any CPU
		{0D3E1A37-A5B5-4EAD-9758-9EAB0467F1AA}.Debug|Any CPU.ActiveCfg = Debug|Any CPU
		{0D3E1A37-A5B5-4EAD-9758-9EAB0467F1AA}.Debug|Any CPU.Build.0 = Debug|Any CPU
		{0D3E1A37-A5B5-4EAD-9758-9EAB0467F1AA}.Release|Any CPU.ActiveCfg = Release|Any CPU
		{0D3E1A37-A5B5-4EAD-9758-9EAB0467F1AA}.Release|Any CPU.Build.0 = Release|Any CPU
		{C577D2FA-E610-4088-A7B0-2D35F94EB93A}.Debug|Any CPU.ActiveCfg = Debug|Any CPU
		{C577D2FA-E610-4088-A7B0-2D35F94EB93A}.Debug|Any CPU.Build.0 = Debug|Any CPU
		{C577D2FA-E610-4088-A7B0-2D35F94EB93A}.Release|Any CPU.ActiveCfg = Release|Any CPU
		{C577D2FA-E610-4088-A7B0-2D35F94EB93A}.Release|Any CPU.Build.0 = Release|Any CPU
		{E7EA53E1-2A0C-4C36-AC8A-B9EA51FAB1AE}.Debug|Any CPU.ActiveCfg = Debug|Any CPU
		{E7EA53E1-2A0C-4C36-AC8A-B9EA51FAB1AE}.Debug|Any CPU.Build.0 = Debug|Any CPU
		{E7EA53E1-2A0C-4C36-AC8A-B9EA51FAB1AE}.Release|Any CPU.ActiveCfg = Release|Any CPU
		{E7EA53E1-2A0C-4C36-AC8A-B9EA51FAB1AE}.Release|Any CPU.Build.0 = Release|Any CPU
		{CC135D90-D594-41A6-B786-D19204AE2E48}.Debug|Any CPU.ActiveCfg = Debug|Any CPU
		{CC135D90-D594-41A6-B786-D19204AE2E48}.Debug|Any CPU.Build.0 = Debug|Any CPU
		{CC135D90-D594-41A6-B786-D19204AE2E48}.Release|Any CPU.ActiveCfg = Release|Any CPU
		{CC135D90-D594-41A6-B786-D19204AE2E48}.Release|Any CPU.Build.0 = Release|Any CPU
		{53BA08B4-1B31-4081-8F58-2520E5C8F4CF}.Debug|Any CPU.ActiveCfg = Debug|Any CPU
		{53BA08B4-1B31-4081-8F58-2520E5C8F4CF}.Debug|Any CPU.Build.0 = Debug|Any CPU
		{53BA08B4-1B31-4081-8F58-2520E5C8F4CF}.Release|Any CPU.ActiveCfg = Release|Any CPU
		{53BA08B4-1B31-4081-8F58-2520E5C8F4CF}.Release|Any CPU.Build.0 = Release|Any CPU
		{D3994AE9-5451-44D0-842A-2DF4B891DF8A}.Debug|Any CPU.ActiveCfg = Debug|Any CPU
		{D3994AE9-5451-44D0-842A-2DF4B891DF8A}.Debug|Any CPU.Build.0 = Debug|Any CPU
		{D3994AE9-5451-44D0-842A-2DF4B891DF8A}.Release|Any CPU.ActiveCfg = Release|Any CPU
		{D3994AE9-5451-44D0-842A-2DF4B891DF8A}.Release|Any CPU.Build.0 = Release|Any CPU
		{12EC8E48-C567-4546-BEC7-B609A7315C64}.Debug|Any CPU.ActiveCfg = Debug|Any CPU
		{12EC8E48-C567-4546-BEC7-B609A7315C64}.Debug|Any CPU.Build.0 = Debug|Any CPU
		{12EC8E48-C567-4546-BEC7-B609A7315C64}.Release|Any CPU.ActiveCfg = Release|Any CPU
		{12EC8E48-C567-4546-BEC7-B609A7315C64}.Release|Any CPU.Build.0 = Release|Any CPU
		{5C0F4BD1-C287-452C-ABB0-4E10BF273B1C}.Debug|Any CPU.ActiveCfg = Debug|Any CPU
		{5C0F4BD1-C287-452C-ABB0-4E10BF273B1C}.Debug|Any CPU.Build.0 = Debug|Any CPU
		{5C0F4BD1-C287-452C-ABB0-4E10BF273B1C}.Release|Any CPU.ActiveCfg = Release|Any CPU
		{5C0F4BD1-C287-452C-ABB0-4E10BF273B1C}.Release|Any CPU.Build.0 = Release|Any CPU
		{77239CA5-34B5-4A03-8AEA-752F1FB4C5BB}.Debug|Any CPU.ActiveCfg = Debug|Any CPU
		{77239CA5-34B5-4A03-8AEA-752F1FB4C5BB}.Debug|Any CPU.Build.0 = Debug|Any CPU
		{77239CA5-34B5-4A03-8AEA-752F1FB4C5BB}.Release|Any CPU.ActiveCfg = Release|Any CPU
		{77239CA5-34B5-4A03-8AEA-752F1FB4C5BB}.Release|Any CPU.Build.0 = Release|Any CPU
		{3F181E30-E1C4-4743-9AD6-570B2028CE06}.Debug|Any CPU.ActiveCfg = Debug|Any CPU
		{3F181E30-E1C4-4743-9AD6-570B2028CE06}.Debug|Any CPU.Build.0 = Debug|Any CPU
		{3F181E30-E1C4-4743-9AD6-570B2028CE06}.Release|Any CPU.ActiveCfg = Release|Any CPU
		{3F181E30-E1C4-4743-9AD6-570B2028CE06}.Release|Any CPU.Build.0 = Release|Any CPU
	EndGlobalSection
	GlobalSection(SolutionProperties) = preSolution
		HideSolutionNode = FALSE
	EndGlobalSection
	GlobalSection(NestedProjects) = preSolution
		{BD39A407-BC31-422D-BB00-E41A177935E2} = {646B982A-1479-48B5-9656-C56F9F1566DC}
		{36958037-8091-4B05-8FE2-B00013391762} = {BD39A407-BC31-422D-BB00-E41A177935E2}
		{77563E8A-4C31-45BF-93C9-1DC10F0260D8} = {BD39A407-BC31-422D-BB00-E41A177935E2}
		{ED750E68-66B5-4E21-8201-4436ABCCAD61} = {36958037-8091-4B05-8FE2-B00013391762}
		{A60E9222-F9D4-463B-A357-6CF150A1F082} = {77563E8A-4C31-45BF-93C9-1DC10F0260D8}
		{6779E5FC-7A4C-4EC8-B150-ECAF9FC85AB5} = {39835DBC-6AD5-4432-BA57-EE7BCAA56B9E}
		{8CB286B9-D77F-4EDA-8078-6A4E46A02A9B} = {37C4E177-69EB-44F8-9912-B18637090DA5}
		{84AC8E33-70A3-47FF-AE06-702FC5D91F86} = {BD39A407-BC31-422D-BB00-E41A177935E2}
		{CC6085B7-3667-4EB3-8D99-7CA3244383EF} = {BD39A407-BC31-422D-BB00-E41A177935E2}
		{76A854E1-3D60-46C7-8C72-3BEE5342DC6A} = {84AC8E33-70A3-47FF-AE06-702FC5D91F86}
		{3614E5DA-E557-4D7B-92B4-55656329FF44} = {CC6085B7-3667-4EB3-8D99-7CA3244383EF}
		{C5FF55DE-5118-414F-91F1-FA76E3CB4BC7} = {BD39A407-BC31-422D-BB00-E41A177935E2}
		{D0DE6C44-058A-4CAF-AAFD-5AA1CAFFCF00} = {C5FF55DE-5118-414F-91F1-FA76E3CB4BC7}
		{168638CA-26FA-480F-BBD7-041A6D59A4F8} = {BD39A407-BC31-422D-BB00-E41A177935E2}
		{CD72E8CC-FF06-4C00-B918-CFD457B94F99} = {168638CA-26FA-480F-BBD7-041A6D59A4F8}
		{7BCB4153-791D-4B38-97F8-66CDCE11F814} = {BD39A407-BC31-422D-BB00-E41A177935E2}
		{36059A2E-FBA2-4D4E-A8A2-B93615B65114} = {7BCB4153-791D-4B38-97F8-66CDCE11F814}
		{6157A164-CE59-4AAF-90FD-CAFB793232C6} = {646B982A-1479-48B5-9656-C56F9F1566DC}
		{F0C82444-6AAB-4200-8425-EA081CCFFF24} = {6157A164-CE59-4AAF-90FD-CAFB793232C6}
		{AEB3055C-1A72-4C7A-A6FC-058E96971436} = {6157A164-CE59-4AAF-90FD-CAFB793232C6}
		{7B26ED5C-8659-4E32-856A-77449E34BF5E} = {6157A164-CE59-4AAF-90FD-CAFB793232C6}
		{5D950BC7-5FF8-4B44-8C86-BD9840C360E3} = {6157A164-CE59-4AAF-90FD-CAFB793232C6}
		{2F57A5D3-BA57-4869-9169-2B82493EE87C} = {646B982A-1479-48B5-9656-C56F9F1566DC}
		{3B0DBE51-6354-4599-BEB2-A8EC8812E04F} = {2F57A5D3-BA57-4869-9169-2B82493EE87C}
		{24C78262-0796-4553-94D8-8CAEA223143E} = {2F57A5D3-BA57-4869-9169-2B82493EE87C}
		{58D74BEC-7957-464D-B355-BEC0F49C4645} = {2F57A5D3-BA57-4869-9169-2B82493EE87C}
		{3AC080AE-394F-4958-8EAB-0B2F1AAE75B3} = {646B982A-1479-48B5-9656-C56F9F1566DC}
		{6FFA1C02-FA2A-4545-852D-E5C8AE2C3CD2} = {3AC080AE-394F-4958-8EAB-0B2F1AAE75B3}
		{042F552C-AB4F-4F7C-B9C8-5A0FA92C6654} = {2F57A5D3-BA57-4869-9169-2B82493EE87C}
		{7C9AE882-20E1-4B6D-8BD7-F14C9036D175} = {AEB3055C-1A72-4C7A-A6FC-058E96971436}
		{9BE13D0B-20AA-4490-A870-A5D900EE2814} = {7B26ED5C-8659-4E32-856A-77449E34BF5E}
		{329C87CB-E120-4D53-A5DC-FD940598A7BE} = {5D950BC7-5FF8-4B44-8C86-BD9840C360E3}
		{C6A88685-B873-49A0-B7F8-1E60DDB1E735} = {F0C82444-6AAB-4200-8425-EA081CCFFF24}
		{C76609A3-071A-409A-B872-4E21C25AE33F} = {073BABA7-8436-4C1B-B5DE-9475F869E147}
		{7E1F2ECE-B57A-4ADB-AB3C-9CB4CE52326F} = {3AC080AE-394F-4958-8EAB-0B2F1AAE75B3}
		{03F08C30-04DE-4C2E-8EC7-0CA20920279B} = {3AC080AE-394F-4958-8EAB-0B2F1AAE75B3}
		{DEA0AC6F-E486-4B1D-AAFC-270327FABAD3} = {3AC080AE-394F-4958-8EAB-0B2F1AAE75B3}
		{E15E6214-E191-4043-88B9-FE15B888A8DA} = {DEA0AC6F-E486-4B1D-AAFC-270327FABAD3}
		{367E36E5-6F30-4926-A5AD-B2142140A57D} = {03F08C30-04DE-4C2E-8EC7-0CA20920279B}
		{5D7F81E4-DFDB-46AD-9A02-8EB089059D13} = {7E1F2ECE-B57A-4ADB-AB3C-9CB4CE52326F}
		{CDC8D4A5-E4E0-470B-B99D-B1E456EDA72F} = {6FFA1C02-FA2A-4545-852D-E5C8AE2C3CD2}
		{0D3E1A37-A5B5-4EAD-9758-9EAB0467F1AA} = {58D74BEC-7957-464D-B355-BEC0F49C4645}
		{C577D2FA-E610-4088-A7B0-2D35F94EB93A} = {24C78262-0796-4553-94D8-8CAEA223143E}
		{E7EA53E1-2A0C-4C36-AC8A-B9EA51FAB1AE} = {3B0DBE51-6354-4599-BEB2-A8EC8812E04F}
		{7102407E-FDA9-4F9F-8B52-8350F80EE646} = {2F57A5D3-BA57-4869-9169-2B82493EE87C}
		{CC135D90-D594-41A6-B786-D19204AE2E48} = {7102407E-FDA9-4F9F-8B52-8350F80EE646}
		{53BA08B4-1B31-4081-8F58-2520E5C8F4CF} = {042F552C-AB4F-4F7C-B9C8-5A0FA92C6654}
		{D3994AE9-5451-44D0-842A-2DF4B891DF8A} = {4C88EBF9-E797-4791-AF0A-80F76C252E4B}
		{12EC8E48-C567-4546-BEC7-B609A7315C64} = {56A4537A-1E26-416B-9A81-A9F324C79B14}
		{1F7FBEE9-ECE6-4038-91F5-988BE1740B0E} = {646B982A-1479-48B5-9656-C56F9F1566DC}
		{DC1CA587-B052-4176-A2D3-EB03EC5D830B} = {1F7FBEE9-ECE6-4038-91F5-988BE1740B0E}
		{5BA48674-4DC1-4DB7-921F-3739C0186D13} = {1F7FBEE9-ECE6-4038-91F5-988BE1740B0E}
		{5C0F4BD1-C287-452C-ABB0-4E10BF273B1C} = {5BA48674-4DC1-4DB7-921F-3739C0186D13}
		{50A61576-1B62-4F4C-8C08-2E625854FD8E} = {2F57A5D3-BA57-4869-9169-2B82493EE87C}
		{77239CA5-34B5-4A03-8AEA-752F1FB4C5BB} = {50A61576-1B62-4F4C-8C08-2E625854FD8E}
		{3F181E30-E1C4-4743-9AD6-570B2028CE06} = {DC1CA587-B052-4176-A2D3-EB03EC5D830B}
	EndGlobalSection
	GlobalSection(ExtensibilityGlobals) = postSolution
		SolutionGuid = {44FAA3C9-9C35-4D41-A766-49CE54CD5AB3}
	EndGlobalSection
EndGlobal
